// !$*UTF8*$!
{
	archiveVersion = 1;
	classes = {
	};
	objectVersion = 46;
	objects = {

/* Begin PBXBuildFile section */
		31146226188FEBA200702F29 /* CirclePathView.m in Sources */ = {isa = PBXBuildFile; fileRef = 31146225188FEBA200702F29 /* CirclePathView.m */; };
		31146229189001AE00702F29 /* CircleTableViewCell.m in Sources */ = {isa = PBXBuildFile; fileRef = 31146228189001AE00702F29 /* CircleTableViewCell.m */; };
		3114622C189006AC00702F29 /* PathTableViewCell.m in Sources */ = {isa = PBXBuildFile; fileRef = 3114622B189006AC00702F29 /* PathTableViewCell.m */; };
		312C440118A3B9A4006CE7D1 /* UIColor+Addition.m in Sources */ = {isa = PBXBuildFile; fileRef = 312C440018A3B9A4006CE7D1 /* UIColor+Addition.m */; };
		312C440718A3D0C9006CE7D1 /* DetailTextView.m in Sources */ = {isa = PBXBuildFile; fileRef = 312C440618A3D0C9006CE7D1 /* DetailTextView.m */; };
		3166DD9D1891784C00AB468F /* MoveCircleView.m in Sources */ = {isa = PBXBuildFile; fileRef = 3166DD9C1891784C00AB468F /* MoveCircleView.m */; };
		316C8C12188E624E00D31252 /* DragView.m in Sources */ = {isa = PBXBuildFile; fileRef = 316C8C11188E624E00D31252 /* DragView.m */; };
		316C8C15188E9E9900D31252 /* GridPathView.m in Sources */ = {isa = PBXBuildFile; fileRef = 316C8C14188E9E9900D31252 /* GridPathView.m */; };
		316C8C18188EA5B800D31252 /* UIBezierPath+Smoothing.m in Sources */ = {isa = PBXBuildFile; fileRef = 316C8C17188EA5B800D31252 /* UIBezierPath+Smoothing.m */; };
		3199622D188D3AB200D2C46D /* UIView+FrameAdjust.m in Sources */ = {isa = PBXBuildFile; fileRef = 3199622C188D3AB200D2C46D /* UIView+FrameAdjust.m */; };
		31996230188D3B5400D2C46D /* UINavigationItem+CustomeItem.m in Sources */ = {isa = PBXBuildFile; fileRef = 3199622F188D3B5400D2C46D /* UINavigationItem+CustomeItem.m */; };
		31B5CE7C1890B17000C79CD6 /* MenuView.m in Sources */ = {isa = PBXBuildFile; fileRef = 31B5CE7B1890B17000C79CD6 /* MenuView.m */; };
		31EAFB8A188D570E0052CC79 /* FirstViewController.m in Sources */ = {isa = PBXBuildFile; fileRef = 31EAFB88188D570E0052CC79 /* FirstViewController.m */; };
		31EAFB8B188D570E0052CC79 /* FirstViewController.xib in Resources */ = {isa = PBXBuildFile; fileRef = 31EAFB89188D570E0052CC79 /* FirstViewController.xib */; };
		31FCA207188CFD17005494AE /* Foundation.framework in Frameworks */ = {isa = PBXBuildFile; fileRef = 31FCA206188CFD17005494AE /* Foundation.framework */; };
		31FCA209188CFD17005494AE /* CoreGraphics.framework in Frameworks */ = {isa = PBXBuildFile; fileRef = 31FCA208188CFD17005494AE /* CoreGraphics.framework */; };
		31FCA20B188CFD17005494AE /* UIKit.framework in Frameworks */ = {isa = PBXBuildFile; fileRef = 31FCA20A188CFD17005494AE /* UIKit.framework */; };
		31FCA211188CFD17005494AE /* InfoPlist.strings in Resources */ = {isa = PBXBuildFile; fileRef = 31FCA20F188CFD17005494AE /* InfoPlist.strings */; };
		31FCA213188CFD17005494AE /* main.m in Sources */ = {isa = PBXBuildFile; fileRef = 31FCA212188CFD17005494AE /* main.m */; };
		31FCA217188CFD17005494AE /* AppDelegate.m in Sources */ = {isa = PBXBuildFile; fileRef = 31FCA216188CFD17005494AE /* AppDelegate.m */; };
		31FCA219188CFD17005494AE /* Images.xcassets in Resources */ = {isa = PBXBuildFile; fileRef = 31FCA218188CFD17005494AE /* Images.xcassets */; };
		31FCA220188CFD17005494AE /* XCTest.framework in Frameworks */ = {isa = PBXBuildFile; fileRef = 31FCA21F188CFD17005494AE /* XCTest.framework */; };
		31FCA221188CFD17005494AE /* Foundation.framework in Frameworks */ = {isa = PBXBuildFile; fileRef = 31FCA206188CFD17005494AE /* Foundation.framework */; };
		31FCA222188CFD17005494AE /* UIKit.framework in Frameworks */ = {isa = PBXBuildFile; fileRef = 31FCA20A188CFD17005494AE /* UIKit.framework */; };
		31FCA22A188CFD17005494AE /* InfoPlist.strings in Resources */ = {isa = PBXBuildFile; fileRef = 31FCA228188CFD17005494AE /* InfoPlist.strings */; };
		31FCA22C188CFD17005494AE /* CandyShineTests.m in Sources */ = {isa = PBXBuildFile; fileRef = 31FCA22B188CFD17005494AE /* CandyShineTests.m */; };
		31FCA23D188D0954005494AE /* TabBarView.m in Sources */ = {isa = PBXBuildFile; fileRef = 31FCA23C188D0954005494AE /* TabBarView.m */; };
		31FCA23F188D09C5005494AE /* TabBarView.xib in Resources */ = {isa = PBXBuildFile; fileRef = 31FCA23E188D09C5005494AE /* TabBarView.xib */; };
		31FCA243188D0A68005494AE /* UIXib.m in Sources */ = {isa = PBXBuildFile; fileRef = 31FCA242188D0A68005494AE /* UIXib.m */; };
		31FCA246188D0E2A005494AE /* UIButton+SetEdge.m in Sources */ = {isa = PBXBuildFile; fileRef = 31FCA245188D0E2A005494AE /* UIButton+SetEdge.m */; };
		31FCA249188D0F22005494AE /* BaseNavigationController.m in Sources */ = {isa = PBXBuildFile; fileRef = 31FCA248188D0F22005494AE /* BaseNavigationController.m */; };
		31FCA24C188D0FA9005494AE /* BaseViewController.m in Sources */ = {isa = PBXBuildFile; fileRef = 31FCA24B188D0FA9005494AE /* BaseViewController.m */; };
/* End PBXBuildFile section */

/* Begin PBXContainerItemProxy section */
		31FCA223188CFD17005494AE /* PBXContainerItemProxy */ = {
			isa = PBXContainerItemProxy;
			containerPortal = 31FCA1FB188CFD17005494AE /* Project object */;
			proxyType = 1;
			remoteGlobalIDString = 31FCA202188CFD17005494AE;
			remoteInfo = CandyShine;
		};
/* End PBXContainerItemProxy section */

/* Begin PBXFileReference section */
		31146223188FEB2200702F29 /* EnumDefine.h */ = {isa = PBXFileReference; lastKnownFileType = sourcecode.c.h; path = EnumDefine.h; sourceTree = "<group>"; };
		31146224188FEBA200702F29 /* CirclePathView.h */ = {isa = PBXFileReference; fileEncoding = 4; lastKnownFileType = sourcecode.c.h; path = CirclePathView.h; sourceTree = "<group>"; };
		31146225188FEBA200702F29 /* CirclePathView.m */ = {isa = PBXFileReference; fileEncoding = 4; lastKnownFileType = sourcecode.c.objc; path = CirclePathView.m; sourceTree = "<group>"; };
		31146227189001AE00702F29 /* CircleTableViewCell.h */ = {isa = PBXFileReference; fileEncoding = 4; lastKnownFileType = sourcecode.c.h; path = CircleTableViewCell.h; sourceTree = "<group>"; };
		31146228189001AE00702F29 /* CircleTableViewCell.m */ = {isa = PBXFileReference; fileEncoding = 4; lastKnownFileType = sourcecode.c.objc; path = CircleTableViewCell.m; sourceTree = "<group>"; };
		3114622A189006AC00702F29 /* PathTableViewCell.h */ = {isa = PBXFileReference; fileEncoding = 4; lastKnownFileType = sourcecode.c.h; path = PathTableViewCell.h; sourceTree = "<group>"; };
		3114622B189006AC00702F29 /* PathTableViewCell.m */ = {isa = PBXFileReference; fileEncoding = 4; lastKnownFileType = sourcecode.c.objc; path = PathTableViewCell.m; sourceTree = "<group>"; };
		312C43FF18A3B9A4006CE7D1 /* UIColor+Addition.h */ = {isa = PBXFileReference; fileEncoding = 4; lastKnownFileType = sourcecode.c.h; path = "UIColor+Addition.h"; sourceTree = "<group>"; };
		312C440018A3B9A4006CE7D1 /* UIColor+Addition.m */ = {isa = PBXFileReference; fileEncoding = 4; lastKnownFileType = sourcecode.c.objc; path = "UIColor+Addition.m"; sourceTree = "<group>"; };
		312C440518A3D0C9006CE7D1 /* DetailTextView.h */ = {isa = PBXFileReference; fileEncoding = 4; lastKnownFileType = sourcecode.c.h; path = DetailTextView.h; sourceTree = "<group>"; };
		312C440618A3D0C9006CE7D1 /* DetailTextView.m */ = {isa = PBXFileReference; fileEncoding = 4; lastKnownFileType = sourcecode.c.objc; path = DetailTextView.m; sourceTree = "<group>"; };
		3166DD9B1891784C00AB468F /* MoveCircleView.h */ = {isa = PBXFileReference; fileEncoding = 4; lastKnownFileType = sourcecode.c.h; path = MoveCircleView.h; sourceTree = "<group>"; };
		3166DD9C1891784C00AB468F /* MoveCircleView.m */ = {isa = PBXFileReference; fileEncoding = 4; lastKnownFileType = sourcecode.c.objc; path = MoveCircleView.m; sourceTree = "<group>"; };
		316C8C10188E624E00D31252 /* DragView.h */ = {isa = PBXFileReference; fileEncoding = 4; lastKnownFileType = sourcecode.c.h; path = DragView.h; sourceTree = "<group>"; };
		316C8C11188E624E00D31252 /* DragView.m */ = {isa = PBXFileReference; fileEncoding = 4; lastKnownFileType = sourcecode.c.objc; path = DragView.m; sourceTree = "<group>"; };
		316C8C13188E9E9900D31252 /* GridPathView.h */ = {isa = PBXFileReference; fileEncoding = 4; lastKnownFileType = sourcecode.c.h; path = GridPathView.h; sourceTree = "<group>"; };
		316C8C14188E9E9900D31252 /* GridPathView.m */ = {isa = PBXFileReference; fileEncoding = 4; lastKnownFileType = sourcecode.c.objc; path = GridPathView.m; sourceTree = "<group>"; };
		316C8C16188EA5B800D31252 /* UIBezierPath+Smoothing.h */ = {isa = PBXFileReference; fileEncoding = 4; lastKnownFileType = sourcecode.c.h; path = "UIBezierPath+Smoothing.h"; sourceTree = "<group>"; };
		316C8C17188EA5B800D31252 /* UIBezierPath+Smoothing.m */ = {isa = PBXFileReference; fileEncoding = 4; lastKnownFileType = sourcecode.c.objc; path = "UIBezierPath+Smoothing.m"; sourceTree = "<group>"; };
		31996229188D39F400D2C46D /* Config.h */ = {isa = PBXFileReference; fileEncoding = 4; lastKnownFileType = sourcecode.c.h; path = Config.h; sourceTree = "<group>"; };
		3199622A188D3A2500D2C46D /* MacroDefine.h */ = {isa = PBXFileReference; fileEncoding = 4; lastKnownFileType = sourcecode.c.h; path = MacroDefine.h; sourceTree = "<group>"; };
		3199622B188D3AB200D2C46D /* UIView+FrameAdjust.h */ = {isa = PBXFileReference; fileEncoding = 4; lastKnownFileType = sourcecode.c.h; path = "UIView+FrameAdjust.h"; sourceTree = "<group>"; };
		3199622C188D3AB200D2C46D /* UIView+FrameAdjust.m */ = {isa = PBXFileReference; fileEncoding = 4; lastKnownFileType = sourcecode.c.objc; path = "UIView+FrameAdjust.m"; sourceTree = "<group>"; };
		3199622E188D3B5400D2C46D /* UINavigationItem+CustomeItem.h */ = {isa = PBXFileReference; fileEncoding = 4; lastKnownFileType = sourcecode.c.h; path = "UINavigationItem+CustomeItem.h"; sourceTree = "<group>"; };
		3199622F188D3B5400D2C46D /* UINavigationItem+CustomeItem.m */ = {isa = PBXFileReference; fileEncoding = 4; lastKnownFileType = sourcecode.c.objc; path = "UINavigationItem+CustomeItem.m"; sourceTree = "<group>"; };
		31B5CE7A1890B17000C79CD6 /* MenuView.h */ = {isa = PBXFileReference; fileEncoding = 4; lastKnownFileType = sourcecode.c.h; path = MenuView.h; sourceTree = "<group>"; };
		31B5CE7B1890B17000C79CD6 /* MenuView.m */ = {isa = PBXFileReference; fileEncoding = 4; lastKnownFileType = sourcecode.c.objc; path = MenuView.m; sourceTree = "<group>"; };
		31EAFB87188D570E0052CC79 /* FirstViewController.h */ = {isa = PBXFileReference; fileEncoding = 4; lastKnownFileType = sourcecode.c.h; path = FirstViewController.h; sourceTree = "<group>"; };
		31EAFB88188D570E0052CC79 /* FirstViewController.m */ = {isa = PBXFileReference; fileEncoding = 4; lastKnownFileType = sourcecode.c.objc; path = FirstViewController.m; sourceTree = "<group>"; };
		31EAFB89188D570E0052CC79 /* FirstViewController.xib */ = {isa = PBXFileReference; fileEncoding = 4; lastKnownFileType = file.xib; path = FirstViewController.xib; sourceTree = "<group>"; };
		31FCA203188CFD17005494AE /* CandyShine.app */ = {isa = PBXFileReference; explicitFileType = wrapper.application; includeInIndex = 0; path = CandyShine.app; sourceTree = BUILT_PRODUCTS_DIR; };
		31FCA206188CFD17005494AE /* Foundation.framework */ = {isa = PBXFileReference; lastKnownFileType = wrapper.framework; name = Foundation.framework; path = System/Library/Frameworks/Foundation.framework; sourceTree = SDKROOT; };
		31FCA208188CFD17005494AE /* CoreGraphics.framework */ = {isa = PBXFileReference; lastKnownFileType = wrapper.framework; name = CoreGraphics.framework; path = System/Library/Frameworks/CoreGraphics.framework; sourceTree = SDKROOT; };
		31FCA20A188CFD17005494AE /* UIKit.framework */ = {isa = PBXFileReference; lastKnownFileType = wrapper.framework; name = UIKit.framework; path = System/Library/Frameworks/UIKit.framework; sourceTree = SDKROOT; };
		31FCA20E188CFD17005494AE /* CandyShine-Info.plist */ = {isa = PBXFileReference; lastKnownFileType = text.plist.xml; path = "CandyShine-Info.plist"; sourceTree = "<group>"; };
		31FCA210188CFD17005494AE /* en */ = {isa = PBXFileReference; lastKnownFileType = text.plist.strings; name = en; path = en.lproj/InfoPlist.strings; sourceTree = "<group>"; };
		31FCA212188CFD17005494AE /* main.m */ = {isa = PBXFileReference; lastKnownFileType = sourcecode.c.objc; path = main.m; sourceTree = "<group>"; };
		31FCA214188CFD17005494AE /* CandyShine-Prefix.pch */ = {isa = PBXFileReference; lastKnownFileType = sourcecode.c.h; path = "CandyShine-Prefix.pch"; sourceTree = "<group>"; };
		31FCA215188CFD17005494AE /* AppDelegate.h */ = {isa = PBXFileReference; lastKnownFileType = sourcecode.c.h; path = AppDelegate.h; sourceTree = "<group>"; };
		31FCA216188CFD17005494AE /* AppDelegate.m */ = {isa = PBXFileReference; lastKnownFileType = sourcecode.c.objc; path = AppDelegate.m; sourceTree = "<group>"; };
		31FCA218188CFD17005494AE /* Images.xcassets */ = {isa = PBXFileReference; lastKnownFileType = folder.assetcatalog; path = Images.xcassets; sourceTree = "<group>"; };
		31FCA21E188CFD17005494AE /* CandyShineTests.xctest */ = {isa = PBXFileReference; explicitFileType = wrapper.cfbundle; includeInIndex = 0; path = CandyShineTests.xctest; sourceTree = BUILT_PRODUCTS_DIR; };
		31FCA21F188CFD17005494AE /* XCTest.framework */ = {isa = PBXFileReference; lastKnownFileType = wrapper.framework; name = XCTest.framework; path = Library/Frameworks/XCTest.framework; sourceTree = DEVELOPER_DIR; };
		31FCA227188CFD17005494AE /* CandyShineTests-Info.plist */ = {isa = PBXFileReference; lastKnownFileType = text.plist.xml; path = "CandyShineTests-Info.plist"; sourceTree = "<group>"; };
		31FCA229188CFD17005494AE /* en */ = {isa = PBXFileReference; lastKnownFileType = text.plist.strings; name = en; path = en.lproj/InfoPlist.strings; sourceTree = "<group>"; };
		31FCA22B188CFD17005494AE /* CandyShineTests.m */ = {isa = PBXFileReference; lastKnownFileType = sourcecode.c.objc; path = CandyShineTests.m; sourceTree = "<group>"; };
		31FCA23B188D0954005494AE /* TabBarView.h */ = {isa = PBXFileReference; fileEncoding = 4; lastKnownFileType = sourcecode.c.h; path = TabBarView.h; sourceTree = "<group>"; };
		31FCA23C188D0954005494AE /* TabBarView.m */ = {isa = PBXFileReference; fileEncoding = 4; lastKnownFileType = sourcecode.c.objc; path = TabBarView.m; sourceTree = "<group>"; };
		31FCA23E188D09C5005494AE /* TabBarView.xib */ = {isa = PBXFileReference; fileEncoding = 4; lastKnownFileType = file.xib; path = TabBarView.xib; sourceTree = "<group>"; };
		31FCA241188D0A68005494AE /* UIXib.h */ = {isa = PBXFileReference; fileEncoding = 4; lastKnownFileType = sourcecode.c.h; path = UIXib.h; sourceTree = "<group>"; };
		31FCA242188D0A68005494AE /* UIXib.m */ = {isa = PBXFileReference; fileEncoding = 4; lastKnownFileType = sourcecode.c.objc; path = UIXib.m; sourceTree = "<group>"; };
		31FCA244188D0E2A005494AE /* UIButton+SetEdge.h */ = {isa = PBXFileReference; fileEncoding = 4; lastKnownFileType = sourcecode.c.h; path = "UIButton+SetEdge.h"; sourceTree = "<group>"; };
		31FCA245188D0E2A005494AE /* UIButton+SetEdge.m */ = {isa = PBXFileReference; fileEncoding = 4; lastKnownFileType = sourcecode.c.objc; path = "UIButton+SetEdge.m"; sourceTree = "<group>"; };
		31FCA247188D0F22005494AE /* BaseNavigationController.h */ = {isa = PBXFileReference; fileEncoding = 4; lastKnownFileType = sourcecode.c.h; path = BaseNavigationController.h; sourceTree = "<group>"; };
		31FCA248188D0F22005494AE /* BaseNavigationController.m */ = {isa = PBXFileReference; fileEncoding = 4; lastKnownFileType = sourcecode.c.objc; path = BaseNavigationController.m; sourceTree = "<group>"; };
		31FCA24A188D0FA9005494AE /* BaseViewController.h */ = {isa = PBXFileReference; fileEncoding = 4; lastKnownFileType = sourcecode.c.h; path = BaseViewController.h; sourceTree = "<group>"; };
		31FCA24B188D0FA9005494AE /* BaseViewController.m */ = {isa = PBXFileReference; fileEncoding = 4; lastKnownFileType = sourcecode.c.objc; path = BaseViewController.m; sourceTree = "<group>"; };
/* End PBXFileReference section */

/* Begin PBXFrameworksBuildPhase section */
		31FCA200188CFD17005494AE /* Frameworks */ = {
			isa = PBXFrameworksBuildPhase;
			buildActionMask = 2147483647;
			files = (
				31FCA209188CFD17005494AE /* CoreGraphics.framework in Frameworks */,
				31FCA20B188CFD17005494AE /* UIKit.framework in Frameworks */,
				31FCA207188CFD17005494AE /* Foundation.framework in Frameworks */,
			);
			runOnlyForDeploymentPostprocessing = 0;
		};
		31FCA21B188CFD17005494AE /* Frameworks */ = {
			isa = PBXFrameworksBuildPhase;
			buildActionMask = 2147483647;
			files = (
				31FCA220188CFD17005494AE /* XCTest.framework in Frameworks */,
				31FCA222188CFD17005494AE /* UIKit.framework in Frameworks */,
				31FCA221188CFD17005494AE /* Foundation.framework in Frameworks */,
			);
			runOnlyForDeploymentPostprocessing = 0;
		};
/* End PBXFrameworksBuildPhase section */

/* Begin PBXGroup section */
		316C8C0F188E623A00D31252 /* CustomeView */ = {
			isa = PBXGroup;
			children = (
				316C8C10188E624E00D31252 /* DragView.h */,
				316C8C11188E624E00D31252 /* DragView.m */,
				316C8C13188E9E9900D31252 /* GridPathView.h */,
				316C8C14188E9E9900D31252 /* GridPathView.m */,
				31146224188FEBA200702F29 /* CirclePathView.h */,
				31146225188FEBA200702F29 /* CirclePathView.m */,
				3166DD9B1891784C00AB468F /* MoveCircleView.h */,
				3166DD9C1891784C00AB468F /* MoveCircleView.m */,
				31146227189001AE00702F29 /* CircleTableViewCell.h */,
				31146228189001AE00702F29 /* CircleTableViewCell.m */,
				3114622A189006AC00702F29 /* PathTableViewCell.h */,
				3114622B189006AC00702F29 /* PathTableViewCell.m */,
				31B5CE7A1890B17000C79CD6 /* MenuView.h */,
				31B5CE7B1890B17000C79CD6 /* MenuView.m */,
				312C440518A3D0C9006CE7D1 /* DetailTextView.h */,
				312C440618A3D0C9006CE7D1 /* DetailTextView.m */,
			);
			name = CustomeView;
			sourceTree = "<group>";
		};
		31FCA1FA188CFD17005494AE = {
			isa = PBXGroup;
			children = (
				31FCA235188D05E3005494AE /* Lib */,
				31FCA20C188CFD17005494AE /* CandyShine */,
				31FCA225188CFD17005494AE /* CandyShineTests */,
				31FCA205188CFD17005494AE /* Frameworks */,
				31FCA204188CFD17005494AE /* Products */,
			);
			sourceTree = "<group>";
		};
		31FCA204188CFD17005494AE /* Products */ = {
			isa = PBXGroup;
			children = (
				31FCA203188CFD17005494AE /* CandyShine.app */,
				31FCA21E188CFD17005494AE /* CandyShineTests.xctest */,
			);
			name = Products;
			sourceTree = "<group>";
		};
		31FCA205188CFD17005494AE /* Frameworks */ = {
			isa = PBXGroup;
			children = (
				31FCA206188CFD17005494AE /* Foundation.framework */,
				31FCA208188CFD17005494AE /* CoreGraphics.framework */,
				31FCA20A188CFD17005494AE /* UIKit.framework */,
				31FCA21F188CFD17005494AE /* XCTest.framework */,
			);
			name = Frameworks;
			sourceTree = "<group>";
		};
		31FCA20C188CFD17005494AE /* CandyShine */ = {
			isa = PBXGroup;
			children = (
				31FCA238188D06A2005494AE /* Controller */,
				31FCA237188D0670005494AE /* General */,
				31FCA20D188CFD17005494AE /* Supporting Files */,
			);
			path = CandyShine;
			sourceTree = "<group>";
		};
		31FCA20D188CFD17005494AE /* Supporting Files */ = {
			isa = PBXGroup;
			children = (
				31FCA20E188CFD17005494AE /* CandyShine-Info.plist */,
				31FCA20F188CFD17005494AE /* InfoPlist.strings */,
				31FCA212188CFD17005494AE /* main.m */,
				31FCA214188CFD17005494AE /* CandyShine-Prefix.pch */,
			);
			name = "Supporting Files";
			sourceTree = "<group>";
		};
		31FCA225188CFD17005494AE /* CandyShineTests */ = {
			isa = PBXGroup;
			children = (
				31FCA22B188CFD17005494AE /* CandyShineTests.m */,
				31FCA226188CFD17005494AE /* Supporting Files */,
			);
			path = CandyShineTests;
			sourceTree = "<group>";
		};
		31FCA226188CFD17005494AE /* Supporting Files */ = {
			isa = PBXGroup;
			children = (
				31FCA227188CFD17005494AE /* CandyShineTests-Info.plist */,
				31FCA228188CFD17005494AE /* InfoPlist.strings */,
			);
			name = "Supporting Files";
			sourceTree = "<group>";
		};
		31FCA235188D05E3005494AE /* Lib */ = {
			isa = PBXGroup;
			children = (
				31FCA236188D05FB005494AE /* Category */,
			);
			name = Lib;
			sourceTree = "<group>";
		};
		31FCA236188D05FB005494AE /* Category */ = {
			isa = PBXGroup;
			children = (
				31FCA244188D0E2A005494AE /* UIButton+SetEdge.h */,
				31FCA245188D0E2A005494AE /* UIButton+SetEdge.m */,
				3199622B188D3AB200D2C46D /* UIView+FrameAdjust.h */,
				3199622C188D3AB200D2C46D /* UIView+FrameAdjust.m */,
				3199622E188D3B5400D2C46D /* UINavigationItem+CustomeItem.h */,
				3199622F188D3B5400D2C46D /* UINavigationItem+CustomeItem.m */,
				316C8C16188EA5B800D31252 /* UIBezierPath+Smoothing.h */,
				316C8C17188EA5B800D31252 /* UIBezierPath+Smoothing.m */,
				312C43FF18A3B9A4006CE7D1 /* UIColor+Addition.h */,
				312C440018A3B9A4006CE7D1 /* UIColor+Addition.m */,
			);
			name = Category;
			sourceTree = "<group>";
		};
		31FCA237188D0670005494AE /* General */ = {
			isa = PBXGroup;
			children = (
				316C8C0F188E623A00D31252 /* CustomeView */,
				31FCA240188D0A33005494AE /* Tool */,
				31FCA215188CFD17005494AE /* AppDelegate.h */,
				31FCA216188CFD17005494AE /* AppDelegate.m */,
				31FCA23A188D084E005494AE /* BaseClass */,
				31FCA239188D0709005494AE /* Define */,
				31FCA218188CFD17005494AE /* Images.xcassets */,
			);
			name = General;
			sourceTree = "<group>";
		};
		31FCA238188D06A2005494AE /* Controller */ = {
			isa = PBXGroup;
			children = (
				31EAFB87188D570E0052CC79 /* FirstViewController.h */,
				31EAFB88188D570E0052CC79 /* FirstViewController.m */,
				31EAFB89188D570E0052CC79 /* FirstViewController.xib */,
			);
			name = Controller;
			sourceTree = "<group>";
		};
		31FCA239188D0709005494AE /* Define */ = {
			isa = PBXGroup;
			children = (
				31996229188D39F400D2C46D /* Config.h */,
				3199622A188D3A2500D2C46D /* MacroDefine.h */,
				31146223188FEB2200702F29 /* EnumDefine.h */,
			);
			name = Define;
			sourceTree = "<group>";
		};
		31FCA23A188D084E005494AE /* BaseClass */ = {
			isa = PBXGroup;
			children = (
				31FCA23B188D0954005494AE /* TabBarView.h */,
				31FCA23C188D0954005494AE /* TabBarView.m */,
				31FCA23E188D09C5005494AE /* TabBarView.xib */,
				31FCA247188D0F22005494AE /* BaseNavigationController.h */,
				31FCA248188D0F22005494AE /* BaseNavigationController.m */,
				31FCA24A188D0FA9005494AE /* BaseViewController.h */,
				31FCA24B188D0FA9005494AE /* BaseViewController.m */,
			);
			name = BaseClass;
			sourceTree = "<group>";
		};
		31FCA240188D0A33005494AE /* Tool */ = {
			isa = PBXGroup;
			children = (
				31FCA241188D0A68005494AE /* UIXib.h */,
				31FCA242188D0A68005494AE /* UIXib.m */,
			);
			name = Tool;
			sourceTree = "<group>";
		};
/* End PBXGroup section */

/* Begin PBXNativeTarget section */
		31FCA202188CFD17005494AE /* CandyShine */ = {
			isa = PBXNativeTarget;
			buildConfigurationList = 31FCA22F188CFD17005494AE /* Build configuration list for PBXNativeTarget "CandyShine" */;
			buildPhases = (
				31FCA1FF188CFD17005494AE /* Sources */,
				31FCA200188CFD17005494AE /* Frameworks */,
				31FCA201188CFD17005494AE /* Resources */,
			);
			buildRules = (
			);
			dependencies = (
			);
			name = CandyShine;
			productName = CandyShine;
			productReference = 31FCA203188CFD17005494AE /* CandyShine.app */;
			productType = "com.apple.product-type.application";
		};
		31FCA21D188CFD17005494AE /* CandyShineTests */ = {
			isa = PBXNativeTarget;
			buildConfigurationList = 31FCA232188CFD17005494AE /* Build configuration list for PBXNativeTarget "CandyShineTests" */;
			buildPhases = (
				31FCA21A188CFD17005494AE /* Sources */,
				31FCA21B188CFD17005494AE /* Frameworks */,
				31FCA21C188CFD17005494AE /* Resources */,
			);
			buildRules = (
			);
			dependencies = (
				31FCA224188CFD17005494AE /* PBXTargetDependency */,
			);
			name = CandyShineTests;
			productName = CandyShineTests;
			productReference = 31FCA21E188CFD17005494AE /* CandyShineTests.xctest */;
			productType = "com.apple.product-type.bundle.unit-test";
		};
/* End PBXNativeTarget section */

/* Begin PBXProject section */
		31FCA1FB188CFD17005494AE /* Project object */ = {
			isa = PBXProject;
			attributes = {
				LastUpgradeCheck = 0500;
				ORGANIZATIONNAME = CandyWearables;
				TargetAttributes = {
					31FCA202188CFD17005494AE = {
						DevelopmentTeam = 4WRW77B633;
					};
					31FCA21D188CFD17005494AE = {
						TestTargetID = 31FCA202188CFD17005494AE;
					};
				};
			};
			buildConfigurationList = 31FCA1FE188CFD17005494AE /* Build configuration list for PBXProject "CandyShine" */;
			compatibilityVersion = "Xcode 3.2";
			developmentRegion = English;
			hasScannedForEncodings = 0;
			knownRegions = (
				en,
			);
			mainGroup = 31FCA1FA188CFD17005494AE;
			productRefGroup = 31FCA204188CFD17005494AE /* Products */;
			projectDirPath = "";
			projectRoot = "";
			targets = (
				31FCA202188CFD17005494AE /* CandyShine */,
				31FCA21D188CFD17005494AE /* CandyShineTests */,
			);
		};
/* End PBXProject section */

/* Begin PBXResourcesBuildPhase section */
		31FCA201188CFD17005494AE /* Resources */ = {
			isa = PBXResourcesBuildPhase;
			buildActionMask = 2147483647;
			files = (
				31FCA23F188D09C5005494AE /* TabBarView.xib in Resources */,
				31FCA211188CFD17005494AE /* InfoPlist.strings in Resources */,
				31FCA219188CFD17005494AE /* Images.xcassets in Resources */,
				31EAFB8B188D570E0052CC79 /* FirstViewController.xib in Resources */,
			);
			runOnlyForDeploymentPostprocessing = 0;
		};
		31FCA21C188CFD17005494AE /* Resources */ = {
			isa = PBXResourcesBuildPhase;
			buildActionMask = 2147483647;
			files = (
				31FCA22A188CFD17005494AE /* InfoPlist.strings in Resources */,
			);
			runOnlyForDeploymentPostprocessing = 0;
		};
/* End PBXResourcesBuildPhase section */

/* Begin PBXSourcesBuildPhase section */
		31FCA1FF188CFD17005494AE /* Sources */ = {
			isa = PBXSourcesBuildPhase;
			buildActionMask = 2147483647;
			files = (
				31FCA23D188D0954005494AE /* TabBarView.m in Sources */,
				312C440118A3B9A4006CE7D1 /* UIColor+Addition.m in Sources */,
				3199622D188D3AB200D2C46D /* UIView+FrameAdjust.m in Sources */,
				31146229189001AE00702F29 /* CircleTableViewCell.m in Sources */,
				31FCA246188D0E2A005494AE /* UIButton+SetEdge.m in Sources */,
				316C8C15188E9E9900D31252 /* GridPathView.m in Sources */,
				31B5CE7C1890B17000C79CD6 /* MenuView.m in Sources */,
				31FCA249188D0F22005494AE /* BaseNavigationController.m in Sources */,
				31146226188FEBA200702F29 /* CirclePathView.m in Sources */,
				31FCA217188CFD17005494AE /* AppDelegate.m in Sources */,
				3166DD9D1891784C00AB468F /* MoveCircleView.m in Sources */,
				31996230188D3B5400D2C46D /* UINavigationItem+CustomeItem.m in Sources */,
				31FCA213188CFD17005494AE /* main.m in Sources */,
				31EAFB8A188D570E0052CC79 /* FirstViewController.m in Sources */,
				31FCA24C188D0FA9005494AE /* BaseViewController.m in Sources */,
				31FCA243188D0A68005494AE /* UIXib.m in Sources */,
				316C8C12188E624E00D31252 /* DragView.m in Sources */,
				3114622C189006AC00702F29 /* PathTableViewCell.m in Sources */,
				312C440718A3D0C9006CE7D1 /* DetailTextView.m in Sources */,
				316C8C18188EA5B800D31252 /* UIBezierPath+Smoothing.m in Sources */,
			);
			runOnlyForDeploymentPostprocessing = 0;
		};
		31FCA21A188CFD17005494AE /* Sources */ = {
			isa = PBXSourcesBuildPhase;
			buildActionMask = 2147483647;
			files = (
				31FCA22C188CFD17005494AE /* CandyShineTests.m in Sources */,
			);
			runOnlyForDeploymentPostprocessing = 0;
		};
/* End PBXSourcesBuildPhase section */

/* Begin PBXTargetDependency section */
		31FCA224188CFD17005494AE /* PBXTargetDependency */ = {
			isa = PBXTargetDependency;
			target = 31FCA202188CFD17005494AE /* CandyShine */;
			targetProxy = 31FCA223188CFD17005494AE /* PBXContainerItemProxy */;
		};
/* End PBXTargetDependency section */

/* Begin PBXVariantGroup section */
		31FCA20F188CFD17005494AE /* InfoPlist.strings */ = {
			isa = PBXVariantGroup;
			children = (
				31FCA210188CFD17005494AE /* en */,
			);
			name = InfoPlist.strings;
			sourceTree = "<group>";
		};
		31FCA228188CFD17005494AE /* InfoPlist.strings */ = {
			isa = PBXVariantGroup;
			children = (
				31FCA229188CFD17005494AE /* en */,
			);
			name = InfoPlist.strings;
			sourceTree = "<group>";
		};
/* End PBXVariantGroup section */

/* Begin XCBuildConfiguration section */
		31FCA22D188CFD17005494AE /* Debug */ = {
			isa = XCBuildConfiguration;
			buildSettings = {
				ALWAYS_SEARCH_USER_PATHS = NO;
				ARCHS = "$(ARCHS_STANDARD_INCLUDING_64_BIT)";
				CLANG_CXX_LANGUAGE_STANDARD = "gnu++0x";
				CLANG_CXX_LIBRARY = "libc++";
				CLANG_ENABLE_MODULES = YES;
				CLANG_ENABLE_OBJC_ARC = YES;
				CLANG_WARN_BOOL_CONVERSION = YES;
				CLANG_WARN_CONSTANT_CONVERSION = YES;
				CLANG_WARN_DIRECT_OBJC_ISA_USAGE = YES_ERROR;
				CLANG_WARN_EMPTY_BODY = YES;
				CLANG_WARN_ENUM_CONVERSION = YES;
				CLANG_WARN_INT_CONVERSION = YES;
				CLANG_WARN_OBJC_ROOT_CLASS = YES_ERROR;
				CLANG_WARN__DUPLICATE_METHOD_MATCH = YES;
				"CODE_SIGN_IDENTITY[sdk=iphoneos*]" = "iPhone Developer";
				COPY_PHASE_STRIP = NO;
				GCC_C_LANGUAGE_STANDARD = gnu99;
				GCC_DYNAMIC_NO_PIC = NO;
				GCC_OPTIMIZATION_LEVEL = 0;
				GCC_PREPROCESSOR_DEFINITIONS = (
					"DEBUG=1",
					"$(inherited)",
				);
				GCC_SYMBOLS_PRIVATE_EXTERN = NO;
				GCC_WARN_64_TO_32_BIT_CONVERSION = YES;
				GCC_WARN_ABOUT_RETURN_TYPE = YES_ERROR;
				GCC_WARN_UNDECLARED_SELECTOR = YES;
				GCC_WARN_UNINITIALIZED_AUTOS = YES;
				GCC_WARN_UNUSED_FUNCTION = YES;
				GCC_WARN_UNUSED_VARIABLE = YES;
				IPHONEOS_DEPLOYMENT_TARGET = 6.0;
				ONLY_ACTIVE_ARCH = YES;
				SDKROOT = iphoneos;
			};
			name = Debug;
		};
		31FCA22E188CFD17005494AE /* Release */ = {
			isa = XCBuildConfiguration;
			buildSettings = {
				ALWAYS_SEARCH_USER_PATHS = NO;
				ARCHS = "$(ARCHS_STANDARD_INCLUDING_64_BIT)";
				CLANG_CXX_LANGUAGE_STANDARD = "gnu++0x";
				CLANG_CXX_LIBRARY = "libc++";
				CLANG_ENABLE_MODULES = YES;
				CLANG_ENABLE_OBJC_ARC = YES;
				CLANG_WARN_BOOL_CONVERSION = YES;
				CLANG_WARN_CONSTANT_CONVERSION = YES;
				CLANG_WARN_DIRECT_OBJC_ISA_USAGE = YES_ERROR;
				CLANG_WARN_EMPTY_BODY = YES;
				CLANG_WARN_ENUM_CONVERSION = YES;
				CLANG_WARN_INT_CONVERSION = YES;
				CLANG_WARN_OBJC_ROOT_CLASS = YES_ERROR;
				CLANG_WARN__DUPLICATE_METHOD_MATCH = YES;
				"CODE_SIGN_IDENTITY[sdk=iphoneos*]" = "iPhone Developer";
				COPY_PHASE_STRIP = YES;
				ENABLE_NS_ASSERTIONS = NO;
				GCC_C_LANGUAGE_STANDARD = gnu99;
				GCC_WARN_64_TO_32_BIT_CONVERSION = YES;
				GCC_WARN_ABOUT_RETURN_TYPE = YES_ERROR;
				GCC_WARN_UNDECLARED_SELECTOR = YES;
				GCC_WARN_UNINITIALIZED_AUTOS = YES;
				GCC_WARN_UNUSED_FUNCTION = YES;
				GCC_WARN_UNUSED_VARIABLE = YES;
				IPHONEOS_DEPLOYMENT_TARGET = 6.0;
				SDKROOT = iphoneos;
				VALIDATE_PRODUCT = YES;
			};
			name = Release;
		};
		31FCA230188CFD17005494AE /* Debug */ = {
			isa = XCBuildConfiguration;
			buildSettings = {
				ASSETCATALOG_COMPILER_APPICON_NAME = AppIcon;
				ASSETCATALOG_COMPILER_LAUNCHIMAGE_NAME = LaunchImage;
				CODE_SIGN_IDENTITY = "iPhone Developer";
				"CODE_SIGN_IDENTITY[sdk=iphoneos*]" = "iPhone Developer";
				GCC_PRECOMPILE_PREFIX_HEADER = YES;
				GCC_PREFIX_HEADER = "CandyShine/CandyShine-Prefix.pch";
				INFOPLIST_FILE = "CandyShine/CandyShine-Info.plist";
				PRODUCT_NAME = "$(TARGET_NAME)";
				PROVISIONING_PROFILE = "";
				USER_HEADER_SEARCH_PATHS = "${SRCROOT}/**";
				WRAPPER_EXTENSION = app;
			};
			name = Debug;
		};
		31FCA231188CFD17005494AE /* Release */ = {
			isa = XCBuildConfiguration;
			buildSettings = {
				ASSETCATALOG_COMPILER_APPICON_NAME = AppIcon;
				ASSETCATALOG_COMPILER_LAUNCHIMAGE_NAME = LaunchImage;
				CODE_SIGN_IDENTITY = "iPhone Developer";
				"CODE_SIGN_IDENTITY[sdk=iphoneos*]" = "iPhone Developer";
				GCC_PRECOMPILE_PREFIX_HEADER = YES;
				GCC_PREFIX_HEADER = "CandyShine/CandyShine-Prefix.pch";
				INFOPLIST_FILE = "CandyShine/CandyShine-Info.plist";
				PRODUCT_NAME = "$(TARGET_NAME)";
				PROVISIONING_PROFILE = "";
				USER_HEADER_SEARCH_PATHS = "${SRCROOT}/**";
				WRAPPER_EXTENSION = app;
			};
			name = Release;
		};
		31FCA233188CFD17005494AE /* Debug */ = {
			isa = XCBuildConfiguration;
			buildSettings = {
				ARCHS = "$(ARCHS_STANDARD_INCLUDING_64_BIT)";
				BUNDLE_LOADER = "$(BUILT_PRODUCTS_DIR)/CandyShine.app/CandyShine";
				FRAMEWORK_SEARCH_PATHS = (
					"$(SDKROOT)/Developer/Library/Frameworks",
					"$(inherited)",
					"$(DEVELOPER_FRAMEWORKS_DIR)",
				);
				GCC_PRECOMPILE_PREFIX_HEADER = YES;
				GCC_PREFIX_HEADER = "CandyShine/CandyShine-Prefix.pch";
				GCC_PREPROCESSOR_DEFINITIONS = (
					"DEBUG=1",
					"$(inherited)",
				);
				INFOPLIST_FILE = "CandyShineTests/CandyShineTests-Info.plist";
				PRODUCT_NAME = "$(TARGET_NAME)";
				TEST_HOST = "$(BUNDLE_LOADER)";
				WRAPPER_EXTENSION = xctest;
			};
			name = Debug;
		};
		31FCA234188CFD17005494AE /* Release */ = {
			isa = XCBuildConfiguration;
			buildSettings = {
				ARCHS = "$(ARCHS_STANDARD_INCLUDING_64_BIT)";
				BUNDLE_LOADER = "$(BUILT_PRODUCTS_DIR)/CandyShine.app/CandyShine";
				FRAMEWORK_SEARCH_PATHS = (
					"$(SDKROOT)/Developer/Library/Frameworks",
					"$(inherited)",
					"$(DEVELOPER_FRAMEWORKS_DIR)",
				);
				GCC_PRECOMPILE_PREFIX_HEADER = YES;
				GCC_PREFIX_HEADER = "CandyShine/CandyShine-Prefix.pch";
				INFOPLIST_FILE = "CandyShineTests/CandyShineTests-Info.plist";
				PRODUCT_NAME = "$(TARGET_NAME)";
				TEST_HOST = "$(BUNDLE_LOADER)";
				WRAPPER_EXTENSION = xctest;
			};
			name = Release;
		};
/* End XCBuildConfiguration section */

/* Begin XCConfigurationList section */
		31FCA1FE188CFD17005494AE /* Build configuration list for PBXProject "CandyShine" */ = {
			isa = XCConfigurationList;
			buildConfigurations = (
				31FCA22D188CFD17005494AE /* Debug */,
				31FCA22E188CFD17005494AE /* Release */,
			);
			defaultConfigurationIsVisible = 0;
			defaultConfigurationName = Release;
		};
		31FCA22F188CFD17005494AE /* Build configuration list for PBXNativeTarget "CandyShine" */ = {
			isa = XCConfigurationList;
			buildConfigurations = (
				31FCA230188CFD17005494AE /* Debug */,
				31FCA231188CFD17005494AE /* Release */,
			);
			defaultConfigurationIsVisible = 0;
			defaultConfigurationName = Release;
		};
		31FCA232188CFD17005494AE /* Build configuration list for PBXNativeTarget "CandyShineTests" */ = {
			isa = XCConfigurationList;
			buildConfigurations = (
				31FCA233188CFD17005494AE /* Debug */,
				31FCA234188CFD17005494AE /* Release */,
			);
			defaultConfigurationIsVisible = 0;
			defaultConfigurationName = Release;
		};
/* End XCConfigurationList section */
	};
	rootObject = 31FCA1FB188CFD17005494AE /* Project object */;
}
